
Microsoft Visual Studio Solution File, Format Version 12.00
# Visual Studio 2013
VisualStudioVersion = 12.0.40629.0
MinimumVisualStudioVersion = 10.0.40219.1
Project("{2150E333-8FDC-42A3-9474-1A3956D46DE8}") = "Lib", "Lib", "{DCC38B78-8695-4B82-BFE0-B0070BD27EE7}"
EndProject
Project("{2150E333-8FDC-42A3-9474-1A3956D46DE8}") = "Tests", "Tests", "{94484DCB-9184-4E0D-9103-429449C5E20D}"
EndProject
Project("{FAE04EC0-301F-11D3-BF4B-00C04F79EFBC}") = "eToro.Utils.Timers", "eToro.Utils.Timers\eToro.Utils.Timers.csproj", "{30538FBB-D2ED-432C-824A-768521C9CC8E}"
EndProject
Project("{FAE04EC0-301F-11D3-BF4B-00C04F79EFBC}") = "eToro.Utils.Timers.Tests", "eToro.Utils.Timers.Tests\eToro.Utils.Timers.Tests.csproj", "{648D6F43-856A-4635-8AB2-5C605BD04F91}"
EndProject
Project("{FAE04EC0-301F-11D3-BF4B-00C04F79EFBC}") = "eToro.DDD.Core", "eToro.DDD.Core\eToro.DDD.Core.csproj", "{94D79234-6EF3-4082-8D65-43E0A45272E2}"
EndProject
Project("{FAE04EC0-301F-11D3-BF4B-00C04F79EFBC}") = "eToro.DDD.Core.Tests", "eToro.DDD.Core.Tests\eToro.DDD.Core.Tests.csproj", "{8F6532A3-35F2-4587-94B6-44C1A8A78593}"
EndProject
Global
	GlobalSection(SolutionConfigurationPlatforms) = preSolution
		Debug|Any CPU = Debug|Any CPU
		Release|Any CPU = Release|Any CPU
	EndGlobalSection
	GlobalSection(ProjectConfigurationPlatforms) = postSolution
		{30538FBB-D2ED-432C-824A-768521C9CC8E}.Debug|Any CPU.ActiveCfg = Debug|Any CPU
		{30538FBB-D2ED-432C-824A-768521C9CC8E}.Debug|Any CPU.Build.0 = Debug|Any CPU
		{30538FBB-D2ED-432C-824A-768521C9CC8E}.Release|Any CPU.ActiveCfg = Release|Any CPU
		{30538FBB-D2ED-432C-824A-768521C9CC8E}.Release|Any CPU.Build.0 = Release|Any CPU
		{648D6F43-856A-4635-8AB2-5C605BD04F91}.Debug|Any CPU.ActiveCfg = Debug|Any CPU
		{648D6F43-856A-4635-8AB2-5C605BD04F91}.Debug|Any CPU.Build.0 = Debug|Any CPU
		{648D6F43-856A-4635-8AB2-5C605BD04F91}.Release|Any CPU.ActiveCfg = Release|Any CPU
		{648D6F43-856A-4635-8AB2-5C605BD04F91}.Release|Any CPU.Build.0 = Release|Any CPU
		{94D79234-6EF3-4082-8D65-43E0A45272E2}.Debug|Any CPU.ActiveCfg = Debug|Any CPU
		{94D79234-6EF3-4082-8D65-43E0A45272E2}.Debug|Any CPU.Build.0 = Debug|Any CPU
		{94D79234-6EF3-4082-8D65-43E0A45272E2}.Release|Any CPU.ActiveCfg = Release|Any CPU
		{94D79234-6EF3-4082-8D65-43E0A45272E2}.Release|Any CPU.Build.0 = Release|Any CPU
		{8F6532A3-35F2-4587-94B6-44C1A8A78593}.Debug|Any CPU.ActiveCfg = Debug|Any CPU
		{8F6532A3-35F2-4587-94B6-44C1A8A78593}.Debug|Any CPU.Build.0 = Debug|Any CPU
		{8F6532A3-35F2-4587-94B6-44C1A8A78593}.Release|Any CPU.ActiveCfg = Release|Any CPU
		{8F6532A3-35F2-4587-94B6-44C1A8A78593}.Release|Any CPU.Build.0 = Release|Any CPU
	EndGlobalSection
	GlobalSection(SolutionProperties) = preSolution
		HideSolutionNode = FALSE
	EndGlobalSection
	GlobalSection(NestedProjects) = preSolution
		{30538FBB-D2ED-432C-824A-768521C9CC8E} = {DCC38B78-8695-4B82-BFE0-B0070BD27EE7}
		{648D6F43-856A-4635-8AB2-5C605BD04F91} = {94484DCB-9184-4E0D-9103-429449C5E20D}
		{94D79234-6EF3-4082-8D65-43E0A45272E2} = {DCC38B78-8695-4B82-BFE0-B0070BD27EE7}
		{8F6532A3-35F2-4587-94B6-44C1A8A78593} = {94484DCB-9184-4E0D-9103-429449C5E20D}
	EndGlobalSection
EndGlobal
